
Microsoft Visual Studio Solution File, Format Version 12.00
# Visual Studio Version 17
VisualStudioVersion = 17.14.36908.2 d17.14
MinimumVisualStudioVersion = 10.0.40219.1
Project("{FAE04EC0-301F-11D3-BF4B-00C04F79EFBC}") = "Gestor_Equipos", "Gestor_Equipos.csproj", "{C6D32C05-6E33-4721-B4E6-239C8D7EEC1C}"
EndProject
Global
	GlobalSection(SolutionConfigurationPlatforms) = preSolution
		Debug|Any CPU = Debug|Any CPU
		Release|Any CPU = Release|Any CPU
	EndGlobalSection
	GlobalSection(ProjectConfigurationPlatforms) = postSolution
		{C6D32C05-6E33-4721-B4E6-239C8D7EEC1C}.Debug|Any CPU.ActiveCfg = Debug|Any CPU
		{C6D32C05-6E33-4721-B4E6-239C8D7EEC1C}.Debug|Any CPU.Build.0 = Debug|Any CPU
		{C6D32C05-6E33-4721-B4E6-239C8D7EEC1C}.Release|Any CPU.ActiveCfg = Release|Any CPU
		{C6D32C05-6E33-4721-B4E6-239C8D7EEC1C}.Release|Any CPU.Build.0 = Release|Any CPU
	EndGlobalSection
	GlobalSection(SolutionProperties) = preSolution
		HideSolutionNode = FALSE
	EndGlobalSection
	GlobalSection(ExtensibilityGlobals) = postSolution
		SolutionGuid = {44129F9C-B967-4B85-AC82-7D2F356521F5}
	EndGlobalSection
EndGlobal
